
Microsoft Visual Studio Solution File, Format Version 12.00
# Visual Studio Version 16
VisualStudioVersion = 16.0.30428.66
MinimumVisualStudioVersion = 10.0.40219.1
Project("{FAE04EC0-301F-11D3-BF4B-00C04F79EFBC}") = "cyFight", "cyFight\cyFight.csproj", "{4AD150E8-9128-4C3E-87DB-E8ABFE28438D}"
EndProject
Global
	GlobalSection(SolutionConfigurationPlatforms) = preSolution
		Debug|Any CPU = Debug|Any CPU
		Release|Any CPU = Release|Any CPU
	EndGlobalSection
	GlobalSection(ProjectConfigurationPlatforms) = postSolution
		{4AD150E8-9128-4C3E-87DB-E8ABFE28438D}.Debug|Any CPU.ActiveCfg = Debug|Any CPU
		{4AD150E8-9128-4C3E-87DB-E8ABFE28438D}.Debug|Any CPU.Build.0 = Debug|Any CPU
		{4AD150E8-9128-4C3E-87DB-E8ABFE28438D}.Release|Any CPU.ActiveCfg = Release|Any CPU
		{4AD150E8-9128-4C3E-87DB-E8ABFE28438D}.Release|Any CPU.Build.0 = Release|Any CPU
	EndGlobalSection
	GlobalSection(SolutionProperties) = preSolution
		HideSolutionNode = FALSE
	EndGlobalSection
	GlobalSection(ExtensibilityGlobals) = postSolution
		SolutionGuid = {DD8751BB-63A0-4FF7-8FD6-7948F06A7E0C}
	EndGlobalSection
EndGlobal
